{
  "name": "gpm-librarian",
  "version": "0.0.1",
  "lockfileVersion": 1,
  "requires": true,
  "dependencies": {
    "commander": {
      "version": "2.19.0",
      "resolved": "https://registry.npmjs.org/commander/-/commander-2.19.0.tgz",
      "integrity": "sha512-6tvAOO+D6OENvRAh524Dh9jcfKTYDQAqvqezbCW82xj5X0pSrcpxtvRKHLG0yBY6SD7PSDrJaj+0AiOcKVd1Xg=="
    },
    "crypto-js": {
      "version": "3.1.8",
      "resolved": "https://registry.npmjs.org/crypto-js/-/crypto-js-3.1.8.tgz",
      "integrity": "sha1-cV8HC/YBTyrpkqmLOSkli3E/CNU="
    },
    "csv": {
      "version": "5.0.0",
      "resolved": "https://registry.npmjs.org/csv/-/csv-5.0.0.tgz",
      "integrity": "sha512-dYY1CpVmG9J8RGKzVsoemiHHzI2arUkIKt++flgw+zyrh7ohpWob8zYNWWxkmYKJsRjK65iijS1ONMRk6o6q6A==",
      "requires": {
        "csv-generate": "^3.1.0",
        "csv-parse": "^4.0.1",
        "csv-stringify": "^5.0.0",
        "stream-transform": "^1.0.7"
      }
    },
    "csv-generate": {
      "version": "3.2.0",
      "resolved": "https://registry.npmjs.org/csv-generate/-/csv-generate-3.2.0.tgz",
      "integrity": "sha512-ZdS2KrgoLxm1guL9XhuaZX223Tiorldvl9QC0M/gihcrJavNDokAp/rX3CyyRHpK+rImxEE3L47cHe7npQMkkg=="
    },
    "csv-parse": {
      "version": "4.1.0",
      "resolved": "https://registry.npmjs.org/csv-parse/-/csv-parse-4.1.0.tgz",
      "integrity": "sha512-aRjITEJY05VdMPgdTx0P5vgV6uuJSrPZoa3lsXggQtwbjQJJnGfQe220okcdHZlpZvicM1vnYUEuc8dq0cyJXA=="
    },
    "csv-stringify": {
      "version": "5.1.1",
      "resolved": "https://registry.npmjs.org/csv-stringify/-/csv-stringify-5.1.1.tgz",
      "integrity": "sha512-QWD7SS9eLWolYlpRzwmhjSBBM0DM415dDyslRvENx5aSPK1oS2M7ynLLDyku9ziPTecfvEQAu6dp2wnz2jCy4Q==",
      "requires": {
        "lodash.get": "~4.4.2"
      }
    },
    "json2csv": {
      "version": "4.3.2",
      "resolved": "https://registry.npmjs.org/json2csv/-/json2csv-4.3.2.tgz",
      "integrity": "sha512-xxike2yVqWUrxchIg2BS1hLaXDwInEU0u+aQQ4KfEXF5y+ZdEhH7pn23wCWL1rsCYM7OzgBRAxuo0qUzCgfJ9g==",
      "requires": {
        "commander": "^2.15.1",
        "jsonparse": "^1.3.1",
        "lodash.get": "^4.4.2",
        "lodash.set": "^4.3.2"
      }
    },
    "jsonparse": {
      "version": "1.3.1",
      "resolved": "https://registry.npmjs.org/jsonparse/-/jsonparse-1.3.1.tgz",
      "integrity": "sha1-P02uSpH6wxX3EGL4UhzCOfE2YoA="
    },
    "kleur": {
      "version": "3.0.1",
      "resolved": "https://registry.npmjs.org/kleur/-/kleur-3.0.1.tgz",
      "integrity": "sha512-P3kRv+B+Ra070ng2VKQqW4qW7gd/v3iD8sy/zOdcYRsfiD+QBokQNOps/AfP6Hr48cBhIIBFWckB9aO+IZhrWg=="
    },
    "lodash.get": {
      "version": "4.4.2",
      "resolved": "https://registry.npmjs.org/lodash.get/-/lodash.get-4.4.2.tgz",
      "integrity": "sha1-LRd/ZS+jHpObRDjVNBSZ36OCXpk="
    },
    "lodash.set": {
      "version": "4.3.2",
      "resolved": "https://registry.npmjs.org/lodash.set/-/lodash.set-4.3.2.tgz",
      "integrity": "sha1-2HV7HagH3eJIFrDWqEvqGnYjCyM="
    },
    "node": {
      "version": "11.4.0",
      "resolved": "https://registry.npmjs.org/node/-/node-11.4.0.tgz",
      "integrity": "sha512-c40hIBScrraEX48BkXp2eG2LTynwrBxYlI61RrIRs5PsW2G+wTKBIzNxndSkXi+UUw2qXZcGPI7OmOtFmZhKgA==",
      "requires": {
        "node-bin-setup": "^1.0.0"
      }
    },
    "node-bin-setup": {
      "version": "1.0.6",
      "resolved": "https://registry.npmjs.org/node-bin-setup/-/node-bin-setup-1.0.6.tgz",
      "integrity": "sha512-uPIxXNis1CRbv1DwqAxkgBk5NFV3s7cMN/Gf556jSw6jBvV7ca4F9lRL/8cALcZecRibeqU+5dFYqFFmzv5a0Q=="
    },
    "node-uuid": {
      "version": "1.4.8",
      "resolved": "https://registry.npmjs.org/node-uuid/-/node-uuid-1.4.8.tgz",
      "integrity": "sha1-sEDrCSOWivq/jTL7HxfxFn/auQc="
    },
    "playmusic": {
      "version": "2.3.0",
      "resolved": "https://registry.npmjs.org/playmusic/-/playmusic-2.3.0.tgz",
      "integrity": "sha512-GMraEFE9zJ5otm0Vx9tPoE0EpA8vriiGXKofjRy71akZ7f1clo1NROHWoC+jSP42GN6d21z60SpqGhkamJHWfA==",
      "requires": {
        "crypto-js": ">= 3.1",
        "node-uuid": "~1.4.1",
        "rsa-pem-from-mod-exp": "^0.8.4"
      }
    },
    "prompts": {
      "version": "2.0.0",
      "resolved": "https://registry.npmjs.org/prompts/-/prompts-2.0.0.tgz",
      "integrity": "sha512-DG8VBhhzNKj/61pAFa02SBR+iOjU21uLTalRTBLLwHv1KcTQlgZloXQLMIWSXGaqk2Yq+Rd2GNtjPdUgYFcT0w==",
      "requires": {
        "kleur": "^3.0.0",
        "sisteransi": "^1.0.0"
      }
    },
    "rsa-pem-from-mod-exp": {
      "version": "0.8.4",
      "resolved": "https://registry.npmjs.org/rsa-pem-from-mod-exp/-/rsa-pem-from-mod-exp-0.8.4.tgz",
      "integrity": "sha1-NipCxtMEBW1JOz8SvOq7LGV2ptQ="
    },
    "sisteransi": {
      "version": "1.0.0",
      "resolved": "https://registry.npmjs.org/sisteransi/-/sisteransi-1.0.0.tgz",
      "integrity": "sha512-N+z4pHB4AmUv0SjveWRd6q1Nj5w62m5jodv+GD8lvmbY/83T/rpbJGZOnK5T149OldDj4Db07BSv9xY4K6NTPQ=="
    },
    "stream-transform": {
      "version": "1.0.8",
      "resolved": "https://registry.npmjs.org/stream-transform/-/stream-transform-1.0.8.tgz",
      "integrity": "sha512-1q+dL790Ps0NV33rISMq9OLtfDA9KMJZdo1PHZXE85orrWsM4FAh8CVyAOTHO0rhyeM138KNPngBPrx33bFsxw=="
    }
  }
}
